lockfileVersion: '9.0'

settings:
  autoInstallPeers: true
  excludeLinksFromLockfile: false

importers:

  .:
    dependencies:
      next:
        specifier: npm:rsnext@15.0.0-canary.79
        version: rsnext@15.0.0-canary.79(react-dom@19.0.0-rc-f994737d14-20240522(react@19.0.0-rc-f994737d14-20240522))(react@19.0.0-rc-f994737d14-20240522)
      react:
        specifier: 19.0.0-rc-f994737d14-20240522
        version: 19.0.0-rc-f994737d14-20240522
      react-dom:
        specifier: 19.0.0-rc-f994737d14-20240522
        version: 19.0.0-rc-f994737d14-20240522(react@19.0.0-rc-f994737d14-20240522)
    devDependencies:
      '@types/node':
        specifier: ^20
        version: 20.14.12
      '@types/react':
        specifier: ^18
        version: 18.3.3
      '@types/react-dom':
        specifier: ^18
        version: 18.3.0
      typescript:
        specifier: ^5
        version: 5.5.4

packages:

  '@emnapi/runtime@1.2.0':
    resolution: {integrity: sha512-bV21/9LQmcQeCPEg3BDFtvwL6cwiTMksYNWQQ4KOxCZikEGalWtenoZ0wCiukJINlGCIi2KXx01g4FoH/LxpzQ==}

  '@img/sharp-darwin-arm64@0.33.4':
    resolution: {integrity: sha512-p0suNqXufJs9t3RqLBO6vvrgr5OhgbWp76s5gTRvdmxmuv9E1rcaqGUsl3l4mKVmXPkTkTErXediAui4x+8PSA==}
    engines: {glibc: '>=2.26', node: ^18.17.0 || ^20.3.0 || >=21.0.0, npm: '>=9.6.5', pnpm: '>=7.1.0', yarn: '>=3.2.0'}
    cpu: [arm64]
    os: [darwin]

  '@img/sharp-darwin-x64@0.33.4':
    resolution: {integrity: sha512-0l7yRObwtTi82Z6ebVI2PnHT8EB2NxBgpK2MiKJZJ7cz32R4lxd001ecMhzzsZig3Yv9oclvqqdV93jo9hy+Dw==}
    engines: {glibc: '>=2.26', node: ^18.17.0 || ^20.3.0 || >=21.0.0, npm: '>=9.6.5', pnpm: '>=7.1.0', yarn: '>=3.2.0'}
    cpu: [x64]
    os: [darwin]

  '@img/sharp-libvips-darwin-arm64@1.0.2':
    resolution: {integrity: sha512-tcK/41Rq8IKlSaKRCCAuuY3lDJjQnYIW1UXU1kxcEKrfL8WR7N6+rzNoOxoQRJWTAECuKwgAHnPvqXGN8XfkHA==}
    engines: {macos: '>=11', npm: '>=9.6.5', pnpm: '>=7.1.0', yarn: '>=3.2.0'}
    cpu: [arm64]
    os: [darwin]

  '@img/sharp-libvips-darwin-x64@1.0.2':
    resolution: {integrity: sha512-Ofw+7oaWa0HiiMiKWqqaZbaYV3/UGL2wAPeLuJTx+9cXpCRdvQhCLG0IH8YGwM0yGWGLpsF4Su9vM1o6aer+Fw==}
    engines: {macos: '>=10.13', npm: '>=9.6.5', pnpm: '>=7.1.0', yarn: '>=3.2.0'}
    cpu: [x64]
    os: [darwin]

  '@img/sharp-libvips-linux-arm64@1.0.2':
    resolution: {integrity: sha512-x7kCt3N00ofFmmkkdshwj3vGPCnmiDh7Gwnd4nUwZln2YjqPxV1NlTyZOvoDWdKQVDL911487HOueBvrpflagw==}
    engines: {glibc: '>=2.26', npm: '>=9.6.5', pnpm: '>=7.1.0', yarn: '>=3.2.0'}
    cpu: [arm64]
    os: [linux]

  '@img/sharp-libvips-linux-arm@1.0.2':
    resolution: {integrity: sha512-iLWCvrKgeFoglQxdEwzu1eQV04o8YeYGFXtfWU26Zr2wWT3q3MTzC+QTCO3ZQfWd3doKHT4Pm2kRmLbupT+sZw==}
    engines: {glibc: '>=2.28', npm: '>=9.6.5', pnpm: '>=7.1.0', yarn: '>=3.2.0'}
    cpu: [arm]
    os: [linux]

  '@img/sharp-libvips-linux-s390x@1.0.2':
    resolution: {integrity: sha512-cmhQ1J4qVhfmS6szYW7RT+gLJq9dH2i4maq+qyXayUSn9/3iY2ZeWpbAgSpSVbV2E1JUL2Gg7pwnYQ1h8rQIog==}
    engines: {glibc: '>=2.28', npm: '>=9.6.5', pnpm: '>=7.1.0', yarn: '>=3.2.0'}
    cpu: [s390x]
    os: [linux]

  '@img/sharp-libvips-linux-x64@1.0.2':
    resolution: {integrity: sha512-E441q4Qdb+7yuyiADVi5J+44x8ctlrqn8XgkDTwr4qPJzWkaHwD489iZ4nGDgcuya4iMN3ULV6NwbhRZJ9Z7SQ==}
    engines: {glibc: '>=2.26', npm: '>=9.6.5', pnpm: '>=7.1.0', yarn: '>=3.2.0'}
    cpu: [x64]
    os: [linux]

  '@img/sharp-libvips-linuxmusl-arm64@1.0.2':
    resolution: {integrity: sha512-3CAkndNpYUrlDqkCM5qhksfE+qSIREVpyoeHIU6jd48SJZViAmznoQQLAv4hVXF7xyUB9zf+G++e2v1ABjCbEQ==}
    engines: {musl: '>=1.2.2', npm: '>=9.6.5', pnpm: '>=7.1.0', yarn: '>=3.2.0'}
    cpu: [arm64]
    os: [linux]

  '@img/sharp-libvips-linuxmusl-x64@1.0.2':
    resolution: {integrity: sha512-VI94Q6khIHqHWNOh6LLdm9s2Ry4zdjWJwH56WoiJU7NTeDwyApdZZ8c+SADC8OH98KWNQXnE01UdJ9CSfZvwZw==}
    engines: {musl: '>=1.2.2', npm: '>=9.6.5', pnpm: '>=7.1.0', yarn: '>=3.2.0'}
    cpu: [x64]
    os: [linux]

  '@img/sharp-linux-arm64@0.33.4':
    resolution: {integrity: sha512-2800clwVg1ZQtxwSoTlHvtm9ObgAax7V6MTAB/hDT945Tfyy3hVkmiHpeLPCKYqYR1Gcmv1uDZ3a4OFwkdBL7Q==}
    engines: {glibc: '>=2.26', node: ^18.17.0 || ^20.3.0 || >=21.0.0, npm: '>=9.6.5', pnpm: '>=7.1.0', yarn: '>=3.2.0'}
    cpu: [arm64]
    os: [linux]

  '@img/sharp-linux-arm@0.33.4':
    resolution: {integrity: sha512-RUgBD1c0+gCYZGCCe6mMdTiOFS0Zc/XrN0fYd6hISIKcDUbAW5NtSQW9g/powkrXYm6Vzwd6y+fqmExDuCdHNQ==}
    engines: {glibc: '>=2.28', node: ^18.17.0 || ^20.3.0 || >=21.0.0, npm: '>=9.6.5', pnpm: '>=7.1.0', yarn: '>=3.2.0'}
    cpu: [arm]
    os: [linux]

  '@img/sharp-linux-s390x@0.33.4':
    resolution: {integrity: sha512-h3RAL3siQoyzSoH36tUeS0PDmb5wINKGYzcLB5C6DIiAn2F3udeFAum+gj8IbA/82+8RGCTn7XW8WTFnqag4tQ==}
    engines: {glibc: '>=2.31', node: ^18.17.0 || ^20.3.0 || >=21.0.0, npm: '>=9.6.5', pnpm: '>=7.1.0', yarn: '>=3.2.0'}
    cpu: [s390x]
    os: [linux]

  '@img/sharp-linux-x64@0.33.4':
    resolution: {integrity: sha512-GoR++s0XW9DGVi8SUGQ/U4AeIzLdNjHka6jidVwapQ/JebGVQIpi52OdyxCNVRE++n1FCLzjDovJNozif7w/Aw==}
    engines: {glibc: '>=2.26', node: ^18.17.0 || ^20.3.0 || >=21.0.0, npm: '>=9.6.5', pnpm: '>=7.1.0', yarn: '>=3.2.0'}
    cpu: [x64]
    os: [linux]

  '@img/sharp-linuxmusl-arm64@0.33.4':
    resolution: {integrity: sha512-nhr1yC3BlVrKDTl6cO12gTpXMl4ITBUZieehFvMntlCXFzH2bvKG76tBL2Y/OqhupZt81pR7R+Q5YhJxW0rGgQ==}
    engines: {musl: '>=1.2.2', node: ^18.17.0 || ^20.3.0 || >=21.0.0, npm: '>=9.6.5', pnpm: '>=7.1.0', yarn: '>=3.2.0'}
    cpu: [arm64]
    os: [linux]

  '@img/sharp-linuxmusl-x64@0.33.4':
    resolution: {integrity: sha512-uCPTku0zwqDmZEOi4ILyGdmW76tH7dm8kKlOIV1XC5cLyJ71ENAAqarOHQh0RLfpIpbV5KOpXzdU6XkJtS0daw==}
    engines: {musl: '>=1.2.2', node: ^18.17.0 || ^20.3.0 || >=21.0.0, npm: '>=9.6.5', pnpm: '>=7.1.0', yarn: '>=3.2.0'}
    cpu: [x64]
    os: [linux]

  '@img/sharp-wasm32@0.33.4':
    resolution: {integrity: sha512-Bmmauh4sXUsUqkleQahpdNXKvo+wa1V9KhT2pDA4VJGKwnKMJXiSTGphn0gnJrlooda0QxCtXc6RX1XAU6hMnQ==}
    engines: {node: ^18.17.0 || ^20.3.0 || >=21.0.0, npm: '>=9.6.5', pnpm: '>=7.1.0', yarn: '>=3.2.0'}
    cpu: [wasm32]

  '@img/sharp-win32-ia32@0.33.4':
    resolution: {integrity: sha512-99SJ91XzUhYHbx7uhK3+9Lf7+LjwMGQZMDlO/E/YVJ7Nc3lyDFZPGhjwiYdctoH2BOzW9+TnfqcaMKt0jHLdqw==}
    engines: {node: ^18.17.0 || ^20.3.0 || >=21.0.0, npm: '>=9.6.5', pnpm: '>=7.1.0', yarn: '>=3.2.0'}
    cpu: [ia32]
    os: [win32]

  '@img/sharp-win32-x64@0.33.4':
    resolution: {integrity: sha512-3QLocdTRVIrFNye5YocZl+KKpYKP+fksi1QhmOArgx7GyhIbQp/WrJRu176jm8IxromS7RIkzMiMINVdBtC8Aw==}
    engines: {node: ^18.17.0 || ^20.3.0 || >=21.0.0, npm: '>=9.6.5', pnpm: '>=7.1.0', yarn: '>=3.2.0'}
    cpu: [x64]
    os: [win32]

  '@module-federation/runtime-tools@0.2.3':
    resolution: {integrity: sha512-capN8CVTCEqNAjnl102girrkevczoQfnQYyiYC4WuyKsg7+LUqfirIe1Eiyv6VSE2UgvOTZDnqvervA6rBOlmg==}

  '@module-federation/runtime@0.2.3':
    resolution: {integrity: sha512-N+ZxBUb1mkmfO9XT1BwgYQgShtUTlijHbukqQ4afFka5lRAT+ayC7RKfHJLz0HbuexKPCmPBDfdmCnErR5WyTQ==}

  '@module-federation/sdk@0.2.3':
    resolution: {integrity: sha512-W9zrPchLocyCBc/B8CW21akcfJXLl++9xBe1L1EtgxZGfj/xwHt0GcBWE/y+QGvYTL2a1iZjwscbftbUhxgxXg==}

  '@module-federation/webpack-bundler-runtime@0.2.3':
    resolution: {integrity: sha512-L/jt2uJ+8dwYiyn9GxryzDR6tr/Wk8rpgvelM2EBeLIhu7YxCHSmSjQYhw3BTux9zZIr47d1K9fGjBFsVRd/SQ==}

  '@next/env@15.0.0-canary.56':
    resolution: {integrity: sha512-NHKKx0jysNIcnx5c35TbK4nTUjp0HU4Ba7yaQBQDnU7/03TyhGR6WdL2SqsC6ex9mDleaozBPUcKPktOM3C4uA==}

  '@rspack/binding-darwin-arm64@1.0.0-alpha.5':
    resolution: {integrity: sha512-ogpsxEjqwsn4aeeS0wyUnxuH8yXKTa2+BfxM7aSQILq4MNUVH0MqZ9dn0HAaGfQ3hdUhIqE3Gld6spdQCrgtHQ==}
    cpu: [arm64]
    os: [darwin]

  '@rspack/binding-darwin-x64@1.0.0-alpha.5':
    resolution: {integrity: sha512-fcMVZJQVo9zJ+7YEqkMms+FlAkMOxTfI98sS+XxKC2M/UWDKdMdl7nyhobH+eEhH/eP0Yww6ikEWqF9r3MUsew==}
    cpu: [x64]
    os: [darwin]

  '@rspack/binding-linux-arm64-gnu@1.0.0-alpha.5':
    resolution: {integrity: sha512-UZC2TScOVWVqICiinGWSYdYPAYcn8F/2L+8sbA6NAwSZo0mzH+LaRr6nZRdW2z7y+lELVDQG8UniMxXjoXjVjg==}
    cpu: [arm64]
    os: [linux]

  '@rspack/binding-linux-arm64-musl@1.0.0-alpha.5':
    resolution: {integrity: sha512-uvrqKqNmj60eCze5ZLxod3nFyDBtDz+OeoSO3T5GU9VRv8XKtd4xJbmm4Nz3A14GOWWfGgGr1cYwQBIGBZActA==}
    cpu: [arm64]
    os: [linux]

  '@rspack/binding-linux-x64-gnu@1.0.0-alpha.5':
    resolution: {integrity: sha512-7P5EnCsQmbLrYnCXJ1P8NF7/FCOpvOHaoNlReDZnut2HRppsUJXMnH3lQucq/sdS3djZ4RdG3sBMcTA3OEALwg==}
    cpu: [x64]
    os: [linux]

  '@rspack/binding-linux-x64-musl@1.0.0-alpha.5':
    resolution: {integrity: sha512-RGj1cZLURjY8RG+t8qG2OB9ruqKQvM0M+JMhwhel57CYW9Ge9zZY+ReEhrdtYjW32KxVvuqtt2e7RhhKibK75w==}
    cpu: [x64]
    os: [linux]

  '@rspack/binding-win32-arm64-msvc@1.0.0-alpha.5':
    resolution: {integrity: sha512-7u/LLEcDcBS5slSsAS9h23sTJNbJ+TUMy7GR91X7ySkqJ0VIR6tzml7+JqFxdPcBGXSszonGbcUupYy3nVzLCQ==}
    cpu: [arm64]
    os: [win32]

  '@rspack/binding-win32-ia32-msvc@1.0.0-alpha.5':
    resolution: {integrity: sha512-HpP7Ptekbv/rQgV253UY+DXSIULINv49JbTBKB2PeBn9ra+Ec4vKPKlQtqIfoPStXEGSmA727nqFQ+VE581P4A==}
    cpu: [ia32]
    os: [win32]

  '@rspack/binding-win32-x64-msvc@1.0.0-alpha.5':
    resolution: {integrity: sha512-t04ipYUTzigLtl6z7R78ytrAlK/oJWAwDUEVblyTtyJ/RwKfREUcS/8dkMx431Ia4Y0Icz6AVNf4avbYCoREyQ==}
    cpu: [x64]
    os: [win32]

  '@rspack/binding@1.0.0-alpha.5':
    resolution: {integrity: sha512-CTrYz0Kgv+3k0sBXbY/MruciFVr2Qd+r3r/VEAVT4N0qhKporsubs1J49vLU2VXun1PBfZ3+3sBknjo5AlA0vw==}

  '@rspack/core@1.0.0-alpha.5':
    resolution: {integrity: sha512-3nddnCqwnz91KprvMlqBDURYJ1GkT5IqCl+os05i2ce4Vk3zQmzvv8d/X8l/49CrDCOLrwyyuS3bKwca8aWdcg==}
    engines: {node: '>=16.0.0'}
    peerDependencies:
      '@swc/helpers': '>=0.5.1'
    peerDependenciesMeta:
      '@swc/helpers':
        optional: true

  '@rspack/lite-tapable@1.0.0-alpha.5':
    resolution: {integrity: sha512-B1fNL3en1ohK+QybgjM45PpqcmAmr2LTRUhGvarwouNcj845vjq5clYPqUfFVC0goLmsqx+pt7r+TvpP0Yk67A==}
    engines: {node: '>=16.0.0'}

  '@swc/helpers@0.5.11':
    resolution: {integrity: sha512-YNlnKRWF2sVojTpIyzwou9XoTNbzbzONwRhOoniEioF1AtaitTvVZblaQRrAzChWQ1bLYyYSWzM18y4WwgzJ+A==}

  '@types/node@20.14.12':
    resolution: {integrity: sha512-r7wNXakLeSsGT0H1AU863vS2wa5wBOK4bWMjZz2wj+8nBx+m5PeIn0k8AloSLpRuiwdRQZwarZqHE4FNArPuJQ==}

  '@types/prop-types@15.7.12':
    resolution: {integrity: sha512-5zvhXYtRNRluoE/jAp4GVsSduVUzNWKkOZrCDBWYtE7biZywwdC2AcEzg+cSMLFRfVgeAFqpfNabiPjxFddV1Q==}

  '@types/react-dom@18.3.0':
    resolution: {integrity: sha512-EhwApuTmMBmXuFOikhQLIBUn6uFg81SwLMOAUgodJF14SOBOCMdU04gDoYi0WOJJHD144TL32z4yDqCW3dnkQg==}

  '@types/react@18.3.3':
    resolution: {integrity: sha512-hti/R0pS0q1/xx+TsI73XIqk26eBsISZ2R0wUijXIngRK9R/e7Xw/cXVxQK7R5JjW+SV4zGcn5hXjudkN/pLIw==}

  buffer-from@1.1.2:
    resolution: {integrity: sha512-E+XQCRwSbaaiChtv6k6Dwgc+bx+Bs6vuKJHHl5kox/BaKbhiXzqQOwK4cO22yElGp2OCmjwVhT3HmxgyPGnJfQ==}

  busboy@1.6.0:
    resolution: {integrity: sha512-8SFQbg/0hQ9xy3UNTB0YEnsNBbWfhf7RtnzpL7TkBiTBRfrQ9Fxcnz7VJsleJpyp6rVLvXiuORqjlHi5q+PYuA==}
    engines: {node: '>=10.16.0'}

  caniuse-lite@1.0.30001643:
    resolution: {integrity: sha512-ERgWGNleEilSrHM6iUz/zJNSQTP8Mr21wDWpdgvRwcTXGAq6jMtOUPP4dqFPTdKqZ2wKTdtB+uucZ3MRpAUSmg==}

  client-only@0.0.1:
    resolution: {integrity: sha512-IV3Ou0jSMzZrd3pZ48nLkT9DA7Ag1pnPzaiQhpW7c3RbcqqzvzzVu+L8gfqMp/8IM2MQtSiqaCxrrcfu8I8rMA==}

  color-convert@2.0.1:
    resolution: {integrity: sha512-RRECPsj7iu/xb5oKYcsFHSppFNnsj/52OVTRKb4zP5onXwVF3zVmmToNcOfGC+CRDpfK/U584fMg38ZHCaElKQ==}
    engines: {node: '>=7.0.0'}

  color-name@1.1.4:
    resolution: {integrity: sha512-dOy+3AuW3a2wNbZHIuMZpTcgjGuLU/uBL/ubcZF9OXbDo8ff4O8yVp5Bf0efS8uEoYo5q4Fx7dY9OgQGXgAsQA==}

  color-string@1.9.1:
    resolution: {integrity: sha512-shrVawQFojnZv6xM40anx4CkoDP+fZsw/ZerEMsW/pyzsRbElpsL/DBVW7q3ExxwusdNXI3lXpuhEZkzs8p5Eg==}

  color@4.2.3:
    resolution: {integrity: sha512-1rXeuUUiGGrykh+CeBdu5Ie7OJwinCgQY0bc7GCRxy5xVHy+moaqkpL/jqQq0MtQOeYcrqEz4abc5f0KtU7W4A==}
    engines: {node: '>=12.5.0'}

  csstype@3.1.3:
    resolution: {integrity: sha512-M1uQkMl8rQK/szD0LNhtqxIPLpimGm8sOBwU7lLnCpSbTyY3yeU1Vc7l4KT5zT4s/yOxHH5O7tIuuLOCnLADRw==}

  detect-libc@2.0.3:
    resolution: {integrity: sha512-bwy0MGW55bG41VqxxypOsdSdGqLwXPI/focwgTYCFMbdUiBAxLg9CFzG08sz2aqzknwiX7Hkl0bQENjg8iLByw==}
    engines: {node: '>=8'}

  enhanced-resolve@5.17.1:
    resolution: {integrity: sha512-LMHl3dXhTcfv8gM4kEzIUeTQ+7fpdA0l2tUf34BddXPkz2A5xJ5L/Pchd5BL6rdccM9QGvu0sWZzK1Z1t4wwyg==}
    engines: {node: '>=10.13.0'}

  graceful-fs@4.2.11:
    resolution: {integrity: sha512-RbJ5/jmFcNNCcDV5o9eTnBLJ/HszWV0P73bc+Ff4nS/rJj+YaS6IGyiOL0VoBYX+l1Wrl3k63h/KrH+nhJ0XvQ==}

  is-arrayish@0.3.2:
    resolution: {integrity: sha512-eVRqCvVlZbuw3GrM63ovNSNAeA1K16kaR/LRY/92w0zxQ5/1YzwblUX652i4Xs9RwAGjW9d9y6X88t8OaAJfWQ==}

  nanoid@3.3.7:
    resolution: {integrity: sha512-eSRppjcPIatRIMC1U6UngP8XFcz8MQWGQdt1MTBQ7NaAmvXDfvNxbvWV3x2y6CdEUciCSsDHDQZbhYaB8QEo2g==}
    engines: {node: ^10 || ^12 || ^13.7 || ^14 || >=15.0.1}
    hasBin: true

  picocolors@1.0.1:
    resolution: {integrity: sha512-anP1Z8qwhkbmu7MFP5iTt+wQKXgwzf7zTyGlcdzabySa9vd0Xt392U0rVmz9poOaBj0uHJKyyo9/upk0HrEQew==}

  postcss@8.4.31:
    resolution: {integrity: sha512-PS08Iboia9mts/2ygV3eLpY5ghnUcfLV/EXTOW1E2qYxJKGGBUtNjN76FYHnMs36RmARn41bC0AZmn+rR0OVpQ==}
    engines: {node: ^10 || ^12 || >=14}

  react-dom@19.0.0-rc-f994737d14-20240522:
    resolution: {integrity: sha512-J4CsfTSptPKkhaPbaR6n/KohQiHZTrRZ8GL4H8rbAqN/Qpy69g2MIoLBr5/PUX21ye6JxC1ZRWJFna7Xdg1pdA==}
    peerDependencies:
      react: 19.0.0-rc-f994737d14-20240522

  react@19.0.0-rc-f994737d14-20240522:
    resolution: {integrity: sha512-SeU2v5Xy6FotVhKz0pMS2gvYP7HlkF0qgTskj3JzA1vlxcb3dQjxlm9t0ZlJqcgoyI3VFAw7bomuDMdgy1nBuw==}
    engines: {node: '>=0.10.0'}

  rsnext@15.0.0-canary.79:
    resolution: {integrity: sha512-0mmO4CtzxnMqXdgQkVQuM7tnEPkdw2GsG+mosTT6kjvM1mgfFNq0z6XCjjlakekfoG82HQn+zgd2uco2L4+tUw==}
    engines: {node: '>=18.18.0'}
    hasBin: true
    peerDependencies:
      '@opentelemetry/api': ^1.1.0
      '@playwright/test': ^1.41.2
      babel-plugin-react-compiler: '*'
      react: 19.0.0-rc.0
      react-dom: 19.0.0-rc.0
      sass: ^1.3.0
    peerDependenciesMeta:
      '@opentelemetry/api':
        optional: true
      '@playwright/test':
        optional: true
      babel-plugin-react-compiler:
        optional: true
      sass:
        optional: true

  scheduler@0.25.0-rc-f994737d14-20240522:
    resolution: {integrity: sha512-qS+xGFF7AljP2APO2iJe8zESNsK20k25MACz+WGOXPybUsRdi1ssvaoF93im2nSX2q/XT3wKkjdz6RQfbmaxdw==}

  semver@7.6.3:
    resolution: {integrity: sha512-oVekP1cKtI+CTDvHWYFUcMtsK/00wmAEfyqKfNdARm8u1wNVhSgaX7A8d4UuIlUI5e84iEwOhs7ZPYRmzU9U6A==}
    engines: {node: '>=10'}
    hasBin: true

  sharp@0.33.4:
    resolution: {integrity: sha512-7i/dt5kGl7qR4gwPRD2biwD2/SvBn3O04J77XKFgL2OnZtQw+AG9wnuS/csmu80nPRHLYE9E41fyEiG8nhH6/Q==}
    engines: {libvips: '>=8.15.2', node: ^18.17.0 || ^20.3.0 || >=21.0.0}

  simple-swizzle@0.2.2:
    resolution: {integrity: sha512-JA//kQgZtbuY83m+xT+tXJkmJncGMTFT+C+g2h2R9uxkYIrE2yy9sgmcLhCnw57/WSD+Eh3J97FPEDFnbXnDUg==}

  source-map-js@1.2.0:
    resolution: {integrity: sha512-itJW8lvSA0TXEphiRoawsCksnlf8SyvmFzIhltqAHluXd88pkCd+cXJVHTDwdCr0IzwptSm035IHQktUu1QUMg==}
    engines: {node: '>=0.10.0'}

  source-map-support@0.5.21:
    resolution: {integrity: sha512-uBHU3L3czsIyYXKX88fdrGovxdSCoTGDRZ6SYXtSRxLZUzHg5P/66Ht6uoUlHu9EZod+inXhKo3qQgwXUT/y1w==}

  source-map@0.6.1:
    resolution: {integrity: sha512-UjgapumWlbMhkBgzT7Ykc5YXUT46F0iKu8SGXq0bcwP5dz/h0Plj6enJqjz1Zbq2l5WaqYnrVbwWOWMyF3F47g==}
    engines: {node: '>=0.10.0'}

  streamsearch@1.1.0:
    resolution: {integrity: sha512-Mcc5wHehp9aXz1ax6bZUyY5afg9u2rv5cqQI3mRrYkGC8rW2hM02jWuwjtL++LS5qinSyhj2QfLyNsuc+VsExg==}
    engines: {node: '>=10.0.0'}

  styled-jsx@5.1.6:
    resolution: {integrity: sha512-qSVyDTeMotdvQYoHWLNGwRFJHC+i+ZvdBRYosOFgC+Wg1vx4frN2/RG/NA7SYqqvKNLf39P2LSRA2pu6n0XYZA==}
    engines: {node: '>= 12.0.0'}
    peerDependencies:
      '@babel/core': '*'
      babel-plugin-macros: '*'
      react: '>= 16.8.0 || 17.x.x || ^18.0.0-0 || ^19.0.0-0'
    peerDependenciesMeta:
      '@babel/core':
        optional: true
      babel-plugin-macros:
        optional: true

  tapable@2.2.1:
    resolution: {integrity: sha512-GNzQvQTOIP6RyTfE2Qxb8ZVlNmw0n88vp1szwWRimP02mnTsx3Wtn5qRdqY9w2XduFNUgvOwhNnQsjwCp+kqaQ==}
    engines: {node: '>=6'}

  tslib@2.6.3:
    resolution: {integrity: sha512-xNvxJEOUiWPGhUuUdQgAJPKOOJfGnIyKySOc09XkKsgdUV/3E2zvwZYdejjmRgPCgcym1juLH3226yA7sEFJKQ==}

  typescript@5.5.4:
    resolution: {integrity: sha512-Mtq29sKDAEYP7aljRgtPOpTvOfbwRWlS6dPRzwjdE+C0R4brX/GUyhHSecbHMFLNBLcJIPt9nl9yG5TZ1weH+Q==}
    engines: {node: '>=14.17'}
    hasBin: true

  undici-types@5.26.5:
    resolution: {integrity: sha512-JlCMO+ehdEIKqlFxk6IfVoAUVmgz7cU7zD/h9XZ0qzeosSHmUJVOzSQvvYSYWXkFXC+IfLKSIffhv0sVZup6pA==}

snapshots:

  '@emnapi/runtime@1.2.0':
    dependencies:
      tslib: 2.6.3
    optional: true

  '@img/sharp-darwin-arm64@0.33.4':
    optionalDependencies:
      '@img/sharp-libvips-darwin-arm64': 1.0.2
    optional: true

  '@img/sharp-darwin-x64@0.33.4':
    optionalDependencies:
      '@img/sharp-libvips-darwin-x64': 1.0.2
    optional: true

  '@img/sharp-libvips-darwin-arm64@1.0.2':
    optional: true

  '@img/sharp-libvips-darwin-x64@1.0.2':
    optional: true

  '@img/sharp-libvips-linux-arm64@1.0.2':
    optional: true

  '@img/sharp-libvips-linux-arm@1.0.2':
    optional: true

  '@img/sharp-libvips-linux-s390x@1.0.2':
    optional: true

  '@img/sharp-libvips-linux-x64@1.0.2':
    optional: true

  '@img/sharp-libvips-linuxmusl-arm64@1.0.2':
    optional: true

  '@img/sharp-libvips-linuxmusl-x64@1.0.2':
    optional: true

  '@img/sharp-linux-arm64@0.33.4':
    optionalDependencies:
      '@img/sharp-libvips-linux-arm64': 1.0.2
    optional: true

  '@img/sharp-linux-arm@0.33.4':
    optionalDependencies:
      '@img/sharp-libvips-linux-arm': 1.0.2
    optional: true

  '@img/sharp-linux-s390x@0.33.4':
    optionalDependencies:
      '@img/sharp-libvips-linux-s390x': 1.0.2
    optional: true

  '@img/sharp-linux-x64@0.33.4':
    optionalDependencies:
      '@img/sharp-libvips-linux-x64': 1.0.2
    optional: true

  '@img/sharp-linuxmusl-arm64@0.33.4':
    optionalDependencies:
      '@img/sharp-libvips-linuxmusl-arm64': 1.0.2
    optional: true

  '@img/sharp-linuxmusl-x64@0.33.4':
    optionalDependencies:
      '@img/sharp-libvips-linuxmusl-x64': 1.0.2
    optional: true

  '@img/sharp-wasm32@0.33.4':
    dependencies:
      '@emnapi/runtime': 1.2.0
    optional: true

  '@img/sharp-win32-ia32@0.33.4':
    optional: true

  '@img/sharp-win32-x64@0.33.4':
    optional: true

  '@module-federation/runtime-tools@0.2.3':
    dependencies:
      '@module-federation/runtime': 0.2.3
      '@module-federation/webpack-bundler-runtime': 0.2.3

  '@module-federation/runtime@0.2.3':
    dependencies:
      '@module-federation/sdk': 0.2.3

  '@module-federation/sdk@0.2.3': {}

  '@module-federation/webpack-bundler-runtime@0.2.3':
    dependencies:
      '@module-federation/runtime': 0.2.3
      '@module-federation/sdk': 0.2.3

  '@next/env@15.0.0-canary.56': {}

  '@rspack/binding-darwin-arm64@1.0.0-alpha.5':
    optional: true

  '@rspack/binding-darwin-x64@1.0.0-alpha.5':
    optional: true

  '@rspack/binding-linux-arm64-gnu@1.0.0-alpha.5':
    optional: true

  '@rspack/binding-linux-arm64-musl@1.0.0-alpha.5':
    optional: true

  '@rspack/binding-linux-x64-gnu@1.0.0-alpha.5':
    optional: true

  '@rspack/binding-linux-x64-musl@1.0.0-alpha.5':
    optional: true

  '@rspack/binding-win32-arm64-msvc@1.0.0-alpha.5':
    optional: true

  '@rspack/binding-win32-ia32-msvc@1.0.0-alpha.5':
    optional: true

  '@rspack/binding-win32-x64-msvc@1.0.0-alpha.5':
    optional: true

  '@rspack/binding@1.0.0-alpha.5':
    optionalDependencies:
      '@rspack/binding-darwin-arm64': 1.0.0-alpha.5
      '@rspack/binding-darwin-x64': 1.0.0-alpha.5
      '@rspack/binding-linux-arm64-gnu': 1.0.0-alpha.5
      '@rspack/binding-linux-arm64-musl': 1.0.0-alpha.5
      '@rspack/binding-linux-x64-gnu': 1.0.0-alpha.5
      '@rspack/binding-linux-x64-musl': 1.0.0-alpha.5
      '@rspack/binding-win32-arm64-msvc': 1.0.0-alpha.5
      '@rspack/binding-win32-ia32-msvc': 1.0.0-alpha.5
      '@rspack/binding-win32-x64-msvc': 1.0.0-alpha.5

  '@rspack/core@1.0.0-alpha.5(@swc/helpers@0.5.11)':
    dependencies:
      '@module-federation/runtime-tools': 0.2.3
      '@rspack/binding': 1.0.0-alpha.5
      '@rspack/lite-tapable': 1.0.0-alpha.5
      caniuse-lite: 1.0.30001643
    optionalDependencies:
      '@swc/helpers': 0.5.11

  '@rspack/lite-tapable@1.0.0-alpha.5': {}

  '@swc/helpers@0.5.11':
    dependencies:
      tslib: 2.6.3

  '@types/node@20.14.12':
    dependencies:
      undici-types: 5.26.5

  '@types/prop-types@15.7.12': {}

  '@types/react-dom@18.3.0':
    dependencies:
      '@types/react': 18.3.3

  '@types/react@18.3.3':
    dependencies:
      '@types/prop-types': 15.7.12
      csstype: 3.1.3

  buffer-from@1.1.2: {}

  busboy@1.6.0:
    dependencies:
      streamsearch: 1.1.0

  caniuse-lite@1.0.30001643: {}

  client-only@0.0.1: {}

  color-convert@2.0.1:
    dependencies:
      color-name: 1.1.4
    optional: true

  color-name@1.1.4:
    optional: true

  color-string@1.9.1:
    dependencies:
      color-name: 1.1.4
      simple-swizzle: 0.2.2
    optional: true

  color@4.2.3:
    dependencies:
      color-convert: 2.0.1
      color-string: 1.9.1
    optional: true

  csstype@3.1.3: {}

  detect-libc@2.0.3:
    optional: true

  enhanced-resolve@5.17.1:
    dependencies:
      graceful-fs: 4.2.11
      tapable: 2.2.1

  graceful-fs@4.2.11: {}

  is-arrayish@0.3.2:
    optional: true

  nanoid@3.3.7: {}

  picocolors@1.0.1: {}

  postcss@8.4.31:
    dependencies:
      nanoid: 3.3.7
      picocolors: 1.0.1
      source-map-js: 1.2.0

  react-dom@19.0.0-rc-f994737d14-20240522(react@19.0.0-rc-f994737d14-20240522):
    dependencies:
      react: 19.0.0-rc-f994737d14-20240522
      scheduler: 0.25.0-rc-f994737d14-20240522

  react@19.0.0-rc-f994737d14-20240522: {}

  rsnext@15.0.0-canary.79(react-dom@19.0.0-rc-f994737d14-20240522(react@19.0.0-rc-f994737d14-20240522))(react@19.0.0-rc-f994737d14-20240522):
    dependencies:
      '@next/env': 15.0.0-canary.56
      '@rspack/core': 1.0.0-alpha.5(@swc/helpers@0.5.11)
      '@swc/helpers': 0.5.11
      busboy: 1.6.0
      caniuse-lite: 1.0.30001643
      enhanced-resolve: 5.17.1
      graceful-fs: 4.2.11
      postcss: 8.4.31
      react: 19.0.0-rc-f994737d14-20240522
      react-dom: 19.0.0-rc-f994737d14-20240522(react@19.0.0-rc-f994737d14-20240522)
      source-map-support: 0.5.21
      styled-jsx: 5.1.6(react@19.0.0-rc-f994737d14-20240522)
    optionalDependencies:
      sharp: 0.33.4
    transitivePeerDependencies:
      - '@babel/core'
      - babel-plugin-macros

  scheduler@0.25.0-rc-f994737d14-20240522: {}

  semver@7.6.3:
    optional: true

  sharp@0.33.4:
    dependencies:
      color: 4.2.3
      detect-libc: 2.0.3
      semver: 7.6.3
    optionalDependencies:
      '@img/sharp-darwin-arm64': 0.33.4
      '@img/sharp-darwin-x64': 0.33.4
      '@img/sharp-libvips-darwin-arm64': 1.0.2
      '@img/sharp-libvips-darwin-x64': 1.0.2
      '@img/sharp-libvips-linux-arm': 1.0.2
      '@img/sharp-libvips-linux-arm64': 1.0.2
      '@img/sharp-libvips-linux-s390x': 1.0.2
      '@img/sharp-libvips-linux-x64': 1.0.2
      '@img/sharp-libvips-linuxmusl-arm64': 1.0.2
      '@img/sharp-libvips-linuxmusl-x64': 1.0.2
      '@img/sharp-linux-arm': 0.33.4
      '@img/sharp-linux-arm64': 0.33.4
      '@img/sharp-linux-s390x': 0.33.4
      '@img/sharp-linux-x64': 0.33.4
      '@img/sharp-linuxmusl-arm64': 0.33.4
      '@img/sharp-linuxmusl-x64': 0.33.4
      '@img/sharp-wasm32': 0.33.4
      '@img/sharp-win32-ia32': 0.33.4
      '@img/sharp-win32-x64': 0.33.4
    optional: true

  simple-swizzle@0.2.2:
    dependencies:
      is-arrayish: 0.3.2
    optional: true

  source-map-js@1.2.0: {}

  source-map-support@0.5.21:
    dependencies:
      buffer-from: 1.1.2
      source-map: 0.6.1

  source-map@0.6.1: {}

  streamsearch@1.1.0: {}

  styled-jsx@5.1.6(react@19.0.0-rc-f994737d14-20240522):
    dependencies:
      client-only: 0.0.1
      react: 19.0.0-rc-f994737d14-20240522

  tapable@2.2.1: {}

  tslib@2.6.3: {}

  typescript@5.5.4: {}

  undici-types@5.26.5: {}
